
Microsoft Visual Studio Solution File, Format Version 12.00
# Visual Studio Version 17
VisualStudioVersion = 17.8.34525.116
MinimumVisualStudioVersion = 10.0.40219.1
Project("{9A19103F-16F7-4668-BE54-9A1E7A4F7556}") = "MoviesGalleryASPNetCoreHoted.Server", "MoviesGalleryASPNetCoreHoted.Server\MoviesGalleryASPNetCoreHoted.Server.csproj", "{440E2C71-7892-40F7-BDBB-F22E7611A998}"
EndProject
Project("{9A19103F-16F7-4668-BE54-9A1E7A4F7556}") = "MoviesGalleryASPNetCoreHoted.Shared", "MoviesGalleryASPNetCoreHoted.Shared\MoviesGalleryASPNetCoreHoted.Shared.csproj", "{5C6EAD6A-09C9-4393-A3E7-0E73CF67768C}"
EndProject
Project("{9A19103F-16F7-4668-BE54-9A1E7A4F7556}") = "MoviesGalleryASPNetCoreHoted.Client", "MoviesGalleryASPNetCoreHoted.Client\MoviesGalleryASPNetCoreHoted.Client.csproj", "{4624BD6A-E7C7-407A-BEB4-3505ACE315CC}"
EndProject
Global
	GlobalSection(SolutionConfigurationPlatforms) = preSolution
		Debug|Any CPU = Debug|Any CPU
		Release|Any CPU = Release|Any CPU
	EndGlobalSection
	GlobalSection(ProjectConfigurationPlatforms) = postSolution
		{440E2C71-7892-40F7-BDBB-F22E7611A998}.Debug|Any CPU.ActiveCfg = Debug|Any CPU
		{440E2C71-7892-40F7-BDBB-F22E7611A998}.Debug|Any CPU.Build.0 = Debug|Any CPU
		{440E2C71-7892-40F7-BDBB-F22E7611A998}.Release|Any CPU.ActiveCfg = Release|Any CPU
		{440E2C71-7892-40F7-BDBB-F22E7611A998}.Release|Any CPU.Build.0 = Release|Any CPU
		{5C6EAD6A-09C9-4393-A3E7-0E73CF67768C}.Debug|Any CPU.ActiveCfg = Debug|Any CPU
		{5C6EAD6A-09C9-4393-A3E7-0E73CF67768C}.Debug|Any CPU.Build.0 = Debug|Any CPU
		{5C6EAD6A-09C9-4393-A3E7-0E73CF67768C}.Release|Any CPU.ActiveCfg = Release|Any CPU
		{5C6EAD6A-09C9-4393-A3E7-0E73CF67768C}.Release|Any CPU.Build.0 = Release|Any CPU
		{4624BD6A-E7C7-407A-BEB4-3505ACE315CC}.Debug|Any CPU.ActiveCfg = Debug|Any CPU
		{4624BD6A-E7C7-407A-BEB4-3505ACE315CC}.Debug|Any CPU.Build.0 = Debug|Any CPU
		{4624BD6A-E7C7-407A-BEB4-3505ACE315CC}.Release|Any CPU.ActiveCfg = Release|Any CPU
		{4624BD6A-E7C7-407A-BEB4-3505ACE315CC}.Release|Any CPU.Build.0 = Release|Any CPU
	EndGlobalSection
	GlobalSection(SolutionProperties) = preSolution
		HideSolutionNode = FALSE
	EndGlobalSection
	GlobalSection(ExtensibilityGlobals) = postSolution
		SolutionGuid = {3B153FD2-93A7-4759-A41E-D04343223F62}
	EndGlobalSection
EndGlobal
